
Microsoft Visual Studio Solution File, Format Version 12.00
# Visual Studio 15
VisualStudioVersion = 15.0.27130.2036
MinimumVisualStudioVersion = 10.0.40219.1
Project("{9A19103F-16F7-4668-BE54-9A1E7A4F7556}") = "02.DatabaseFirst", "02.DatabaseFirst\02.DatabaseFirst.csproj", "{D987A0A5-C55A-4EC9-93FF-D9FAD35C5DBE}"
EndProject
Global
	GlobalSection(SolutionConfigurationPlatforms) = preSolution
		Debug|Any CPU = Debug|Any CPU
		Release|Any CPU = Release|Any CPU
	EndGlobalSection
	GlobalSection(ProjectConfigurationPlatforms) = postSolution
		{D987A0A5-C55A-4EC9-93FF-D9FAD35C5DBE}.Debug|Any CPU.ActiveCfg = Debug|Any CPU
		{D987A0A5-C55A-4EC9-93FF-D9FAD35C5DBE}.Debug|Any CPU.Build.0 = Debug|Any CPU
		{D987A0A5-C55A-4EC9-93FF-D9FAD35C5DBE}.Release|Any CPU.ActiveCfg = Release|Any CPU
		{D987A0A5-C55A-4EC9-93FF-D9FAD35C5DBE}.Release|Any CPU.Build.0 = Release|Any CPU
	EndGlobalSection
	GlobalSection(SolutionProperties) = preSolution
		HideSolutionNode = FALSE
	EndGlobalSection
	GlobalSection(ExtensibilityGlobals) = postSolution
		SolutionGuid = {2274784A-1838-469D-9B8C-A553B6AFFFDC}
	EndGlobalSection
EndGlobal
