
Microsoft Visual Studio Solution File, Format Version 12.00
# Visual Studio 15
VisualStudioVersion = 15.0.27130.2036
MinimumVisualStudioVersion = 10.0.40219.1
Project("{9A19103F-16F7-4668-BE54-9A1E7A4F7556}") = "P01_HospitalDatabase", "P01_HospitalDatabase\P01_HospitalDatabase.csproj", "{DEC9F2DE-6968-4BF8-BB53-D575B4B6E0FF}"
EndProject
Project("{FAE04EC0-301F-11D3-BF4B-00C04F79EFBC}") = "P03_SalesDatabase", "P03_SalesDatabase\P03_SalesDatabase.csproj", "{6330014B-7D59-4BF3-A26A-400BAB489AE0}"
EndProject
Global
	GlobalSection(SolutionConfigurationPlatforms) = preSolution
		Debug|Any CPU = Debug|Any CPU
		Release|Any CPU = Release|Any CPU
	EndGlobalSection
	GlobalSection(ProjectConfigurationPlatforms) = postSolution
		{DEC9F2DE-6968-4BF8-BB53-D575B4B6E0FF}.Debug|Any CPU.ActiveCfg = Debug|Any CPU
		{DEC9F2DE-6968-4BF8-BB53-D575B4B6E0FF}.Debug|Any CPU.Build.0 = Debug|Any CPU
		{DEC9F2DE-6968-4BF8-BB53-D575B4B6E0FF}.Release|Any CPU.ActiveCfg = Release|Any CPU
		{DEC9F2DE-6968-4BF8-BB53-D575B4B6E0FF}.Release|Any CPU.Build.0 = Release|Any CPU
		{6330014B-7D59-4BF3-A26A-400BAB489AE0}.Debug|Any CPU.ActiveCfg = Debug|Any CPU
		{6330014B-7D59-4BF3-A26A-400BAB489AE0}.Debug|Any CPU.Build.0 = Debug|Any CPU
		{6330014B-7D59-4BF3-A26A-400BAB489AE0}.Release|Any CPU.ActiveCfg = Release|Any CPU
		{6330014B-7D59-4BF3-A26A-400BAB489AE0}.Release|Any CPU.Build.0 = Release|Any CPU
	EndGlobalSection
	GlobalSection(SolutionProperties) = preSolution
		HideSolutionNode = FALSE
	EndGlobalSection
	GlobalSection(ExtensibilityGlobals) = postSolution
		SolutionGuid = {FB2FF9B1-FBCE-4047-A028-0B4FF9F51657}
	EndGlobalSection
EndGlobal
